
Microsoft Visual Studio Solution File, Format Version 12.00
# Visual Studio Version 16
VisualStudioVersion = 16.0.30523.141
MinimumVisualStudioVersion = 10.0.40219.1
Project("{FAE04EC0-301F-11D3-BF4B-00C04F79EFBC}") = "MusicPlayer", "MusicPlayer.csproj", "{9ABE173A-A67F-4343-948E-6F86E2A03AB7}"
EndProject
Global
	GlobalSection(SolutionConfigurationPlatforms) = preSolution
		Debug|Any CPU = Debug|Any CPU
		Release|Any CPU = Release|Any CPU
	EndGlobalSection
	GlobalSection(ProjectConfigurationPlatforms) = postSolution
		{9ABE173A-A67F-4343-948E-6F86E2A03AB7}.Debug|Any CPU.ActiveCfg = Debug|Any CPU
		{9ABE173A-A67F-4343-948E-6F86E2A03AB7}.Debug|Any CPU.Build.0 = Debug|Any CPU
		{9ABE173A-A67F-4343-948E-6F86E2A03AB7}.Release|Any CPU.ActiveCfg = Release|Any CPU
		{9ABE173A-A67F-4343-948E-6F86E2A03AB7}.Release|Any CPU.Build.0 = Release|Any CPU
	EndGlobalSection
	GlobalSection(SolutionProperties) = preSolution
		HideSolutionNode = FALSE
	EndGlobalSection
	GlobalSection(ExtensibilityGlobals) = postSolution
		SolutionGuid = {DB767913-18BB-4EEF-B3B4-56C6A459921F}
	EndGlobalSection
EndGlobal
